// !$*UTF8*$!
{
	archiveVersion = 1;
	classes = {
	};
	objectVersion = 46;
	objects = {

/* Begin PBXBuildFile section */
		966620C41EA32142009DA420 /* AppDelegate.swift in Sources */ = {isa = PBXBuildFile; fileRef = 966620C31EA32142009DA420 /* AppDelegate.swift */; };
		966620C61EA32142009DA420 /* ViewController.swift in Sources */ = {isa = PBXBuildFile; fileRef = 966620C51EA32142009DA420 /* ViewController.swift */; };
		966620C91EA32142009DA420 /* Main.storyboard in Resources */ = {isa = PBXBuildFile; fileRef = 966620C71EA32142009DA420 /* Main.storyboard */; };
		966620CB1EA32142009DA420 /* Assets.xcassets in Resources */ = {isa = PBXBuildFile; fileRef = 966620CA1EA32142009DA420 /* Assets.xcassets */; };
		966620CE1EA32142009DA420 /* LaunchScreen.storyboard in Resources */ = {isa = PBXBuildFile; fileRef = 966620CC1EA32142009DA420 /* LaunchScreen.storyboard */; };
		966620D91EA32242009DA420 /* Bitter-Bold.ttf in Resources */ = {isa = PBXBuildFile; fileRef = 966620D61EA321AB009DA420 /* Bitter-Bold.ttf */; };
		966620DA1EA32242009DA420 /* Bitter-Italic.ttf in Resources */ = {isa = PBXBuildFile; fileRef = 966620D71EA321AB009DA420 /* Bitter-Italic.ttf */; };
		966620DB1EA32242009DA420 /* Bitter-Regular.ttf in Resources */ = {isa = PBXBuildFile; fileRef = 966620D81EA321AB009DA420 /* Bitter-Regular.ttf */; };
		966621071EA41057009DA420 /* Fonts.swift in Sources */ = {isa = PBXBuildFile; fileRef = 966621061EA41057009DA420 /* Fonts.swift */; };
/* End PBXBuildFile section */

/* Begin PBXFileReference section */
		966620C01EA32141009DA420 /* Swift3-003-Custom Font.app */ = {isa = PBXFileReference; explicitFileType = wrapper.application; includeInIndex = 0; path = "Swift3-003-Custom Font.app"; sourceTree = BUILT_PRODUCTS_DIR; };
		966620C31EA32142009DA420 /* AppDelegate.swift */ = {isa = PBXFileReference; lastKnownFileType = sourcecode.swift; path = AppDelegate.swift; sourceTree = "<group>"; };
		966620C51EA32142009DA420 /* ViewController.swift */ = {isa = PBXFileReference; lastKnownFileType = sourcecode.swift; path = ViewController.swift; sourceTree = "<group>"; };
		966620C81EA32142009DA420 /* Base */ = {isa = PBXFileReference; lastKnownFileType = file.storyboard; name = Base; path = Base.lproj/Main.storyboard; sourceTree = "<group>"; };
		966620CA1EA32142009DA420 /* Assets.xcassets */ = {isa = PBXFileReference; lastKnownFileType = folder.assetcatalog; path = Assets.xcassets; sourceTree = "<group>"; };
		966620CD1EA32142009DA420 /* Base */ = {isa = PBXFileReference; lastKnownFileType = file.storyboard; name = Base; path = Base.lproj/LaunchScreen.storyboard; sourceTree = "<group>"; };
		966620CF1EA32142009DA420 /* Info.plist */ = {isa = PBXFileReference; lastKnownFileType = text.plist.xml; path = Info.plist; sourceTree = "<group>"; };
		966620D61EA321AB009DA420 /* Bitter-Bold.ttf */ = {isa = PBXFileReference; lastKnownFileType = file; path = "Bitter-Bold.ttf"; sourceTree = "<group>"; };
		966620D71EA321AB009DA420 /* Bitter-Italic.ttf */ = {isa = PBXFileReference; lastKnownFileType = file; path = "Bitter-Italic.ttf"; sourceTree = "<group>"; };
		966620D81EA321AB009DA420 /* Bitter-Regular.ttf */ = {isa = PBXFileReference; lastKnownFileType = file; path = "Bitter-Regular.ttf"; sourceTree = "<group>"; };
		966621061EA41057009DA420 /* Fonts.swift */ = {isa = PBXFileReference; fileEncoding = 4; lastKnownFileType = sourcecode.swift; path = Fonts.swift; sourceTree = "<group>"; };
/* End PBXFileReference section */

/* Begin PBXFrameworksBuildPhase section */
		966620BD1EA32141009DA420 /* Frameworks */ = {
			isa = PBXFrameworksBuildPhase;
			buildActionMask = 2147483647;
			files = (
			);
			runOnlyForDeploymentPostprocessing = 0;
		};
/* End PBXFrameworksBuildPhase section */

/* Begin PBXGroup section */
		966620B71EA32141009DA420 = {
			isa = PBXGroup;
			children = (
				966620C21EA32142009DA420 /* Swift3-003-Custom Font */,
				966620C11EA32141009DA420 /* Products */,
			);
			sourceTree = "<group>";
		};
		966620C11EA32141009DA420 /* Products */ = {
			isa = PBXGroup;
			children = (
				966620C01EA32141009DA420 /* Swift3-003-Custom Font.app */,
			);
			name = Products;
			sourceTree = "<group>";
		};
		966620C21EA32142009DA420 /* Swift3-003-Custom Font */ = {
			isa = PBXGroup;
			children = (
				966621051EA40E18009DA420 /* Helpers */,
				966620D51EA3215C009DA420 /* Fonts */,
				966620C31EA32142009DA420 /* AppDelegate.swift */,
				966620C51EA32142009DA420 /* ViewController.swift */,
				966620C71EA32142009DA420 /* Main.storyboard */,
				966620CA1EA32142009DA420 /* Assets.xcassets */,
				966620CC1EA32142009DA420 /* LaunchScreen.storyboard */,
				966620CF1EA32142009DA420 /* Info.plist */,
			);
			path = "Swift3-003-Custom Font";
			sourceTree = "<group>";
		};
		966620D51EA3215C009DA420 /* Fonts */ = {
			isa = PBXGroup;
			children = (
				966620D61EA321AB009DA420 /* Bitter-Bold.ttf */,
				966620D71EA321AB009DA420 /* Bitter-Italic.ttf */,
				966620D81EA321AB009DA420 /* Bitter-Regular.ttf */,
			);
			name = Fonts;
			sourceTree = "<group>";
		};
		966621051EA40E18009DA420 /* Helpers */ = {
			isa = PBXGroup;
			children = (
				966621061EA41057009DA420 /* Fonts.swift */,
			);
			name = Helpers;
			sourceTree = "<group>";
		};
/* End PBXGroup section */

/* Begin PBXNativeTarget section */
		966620BF1EA32141009DA420 /* Swift3-003-Custom Font */ = {
			isa = PBXNativeTarget;
			buildConfigurationList = 966620D21EA32142009DA420 /* Build configuration list for PBXNativeTarget "Swift3-003-Custom Font" */;
			buildPhases = (
				966620BC1EA32141009DA420 /* Sources */,
				966620BD1EA32141009DA420 /* Frameworks */,
				966620BE1EA32141009DA420 /* Resources */,
			);
			buildRules = (
			);
			dependencies = (
			);
			name = "Swift3-003-Custom Font";
			productName = "Swift3-003-Custom Font";
			productReference = 966620C01EA32141009DA420 /* Swift3-003-Custom Font.app */;
			productType = "com.apple.product-type.application";
		};
/* End PBXNativeTarget section */

/* Begin PBXProject section */
		966620B81EA32141009DA420 /* Project object */ = {
			isa = PBXProject;
			attributes = {
				LastSwiftUpdateCheck = 0830;
				LastUpgradeCheck = 0830;
				ORGANIZATIONNAME = Atelier18;
				TargetAttributes = {
					966620BF1EA32141009DA420 = {
						CreatedOnToolsVersion = 8.3.1;
						DevelopmentTeam = LYS4UW62E8;
						ProvisioningStyle = Automatic;
					};
				};
			};
			buildConfigurationList = 966620BB1EA32141009DA420 /* Build configuration list for PBXProject "Swift3-003-Custom Font" */;
			compatibilityVersion = "Xcode 3.2";
			developmentRegion = English;
			hasScannedForEncodings = 0;
			knownRegions = (
				en,
				Base,
			);
			mainGroup = 966620B71EA32141009DA420;
			productRefGroup = 966620C11EA32141009DA420 /* Products */;
			projectDirPath = "";
			projectRoot = "";
			targets = (
				966620BF1EA32141009DA420 /* Swift3-003-Custom Font */,
			);
		};
/* End PBXProject section */

/* Begin PBXResourcesBuildPhase section */
		966620BE1EA32141009DA420 /* Resources */ = {
			isa = PBXResourcesBuildPhase;
			buildActionMask = 2147483647;
			files = (
				966620D91EA32242009DA420 /* Bitter-Bold.ttf in Resources */,
				966620DA1EA32242009DA420 /* Bitter-Italic.ttf in Resources */,
				966620DB1EA32242009DA420 /* Bitter-Regular.ttf in Resources */,
				966620CE1EA32142009DA420 /* LaunchScreen.storyboard in Resources */,
				966620CB1EA32142009DA420 /* Assets.xcassets in Resources */,
				966620C91EA32142009DA420 /* Main.storyboard in Resources */,
			);
			runOnlyForDeploymentPostprocessing = 0;
		};
/* End PBXResourcesBuildPhase section */

/* Begin PBXSourcesBuildPhase section */
		966620BC1EA32141009DA420 /* Sources */ = {
			isa = PBXSourcesBuildPhase;
			buildActionMask = 2147483647;
			files = (
				966620C61EA32142009DA420 /* ViewController.swift in Sources */,
				966621071EA41057009DA420 /* Fonts.swift in Sources */,
				966620C41EA32142009DA420 /* AppDelegate.swift in Sources */,
			);
			runOnlyForDeploymentPostprocessing = 0;
		};
/* End PBXSourcesBuildPhase section */

/* Begin PBXVariantGroup section */
		966620C71EA32142009DA420 /* Main.storyboard */ = {
			isa = PBXVariantGroup;
			children = (
				966620C81EA32142009DA420 /* Base */,
			);
			name = Main.storyboard;
			sourceTree = "<group>";
		};
		966620CC1EA32142009DA420 /* LaunchScreen.storyboard */ = {
			isa = PBXVariantGroup;
			children = (
				966620CD1EA32142009DA420 /* Base */,
			);
			name = LaunchScreen.storyboard;
			sourceTree = "<group>";
		};
/* End PBXVariantGroup section */

/* Begin XCBuildConfiguration section */
		966620D01EA32142009DA420 /* Debug */ = {
			isa = XCBuildConfiguration;
			buildSettings = {
				ALWAYS_SEARCH_USER_PATHS = NO;
				CLANG_ANALYZER_NONNULL = YES;
				CLANG_ANALYZER_NUMBER_OBJECT_CONVERSION = YES_AGGRESSIVE;
				CLANG_CXX_LANGUAGE_STANDARD = "gnu++0x";
				CLANG_CXX_LIBRARY = "libc++";
				CLANG_ENABLE_MODULES = YES;
				CLANG_ENABLE_OBJC_ARC = YES;
				CLANG_WARN_BOOL_CONVERSION = YES;
				CLANG_WARN_CONSTANT_CONVERSION = YES;
				CLANG_WARN_DIRECT_OBJC_ISA_USAGE = YES_ERROR;
				CLANG_WARN_DOCUMENTATION_COMMENTS = YES;
				CLANG_WARN_EMPTY_BODY = YES;
				CLANG_WARN_ENUM_CONVERSION = YES;
				CLANG_WARN_INFINITE_RECURSION = YES;
				CLANG_WARN_INT_CONVERSION = YES;
				CLANG_WARN_OBJC_ROOT_CLASS = YES_ERROR;
				CLANG_WARN_SUSPICIOUS_MOVE = YES;
				CLANG_WARN_UNREACHABLE_CODE = YES;
				CLANG_WARN__DUPLICATE_METHOD_MATCH = YES;
				"CODE_SIGN_IDENTITY[sdk=iphoneos*]" = "iPhone Developer";
				COPY_PHASE_STRIP = NO;
				DEBUG_INFORMATION_FORMAT = dwarf;
				ENABLE_STRICT_OBJC_MSGSEND = YES;
				ENABLE_TESTABILITY = YES;
				GCC_C_LANGUAGE_STANDARD = gnu99;
				GCC_DYNAMIC_NO_PIC = NO;
				GCC_NO_COMMON_BLOCKS = YES;
				GCC_OPTIMIZATION_LEVEL = 0;
				GCC_PREPROCESSOR_DEFINITIONS = (
					"DEBUG=1",
					"$(inherited)",
				);
				GCC_WARN_64_TO_32_BIT_CONVERSION = YES;
				GCC_WARN_ABOUT_RETURN_TYPE = YES_ERROR;
				GCC_WARN_UNDECLARED_SELECTOR = YES;
				GCC_WARN_UNINITIALIZED_AUTOS = YES_AGGRESSIVE;
				GCC_WARN_UNUSED_FUNCTION = YES;
				GCC_WARN_UNUSED_VARIABLE = YES;
				IPHONEOS_DEPLOYMENT_TARGET = 10.3;
				MTL_ENABLE_DEBUG_INFO = YES;
				ONLY_ACTIVE_ARCH = YES;
				SDKROOT = iphoneos;
				SWIFT_ACTIVE_COMPILATION_CONDITIONS = DEBUG;
				SWIFT_OPTIMIZATION_LEVEL = "-Onone";
			};
			name = Debug;
		};
		966620D11EA32142009DA420 /* Release */ = {
			isa = XCBuildConfiguration;
			buildSettings = {
				ALWAYS_SEARCH_USER_PATHS = NO;
				CLANG_ANALYZER_NONNULL = YES;
				CLANG_ANALYZER_NUMBER_OBJECT_CONVERSION = YES_AGGRESSIVE;
				CLANG_CXX_LANGUAGE_STANDARD = "gnu++0x";
				CLANG_CXX_LIBRARY = "libc++";
				CLANG_ENABLE_MODULES = YES;
				CLANG_ENABLE_OBJC_ARC = YES;
				CLANG_WARN_BOOL_CONVERSION = YES;
				CLANG_WARN_CONSTANT_CONVERSION = YES;
				CLANG_WARN_DIRECT_OBJC_ISA_USAGE = YES_ERROR;
				CLANG_WARN_DOCUMENTATION_COMMENTS = YES;
				CLANG_WARN_EMPTY_BODY = YES;
				CLANG_WARN_ENUM_CONVERSION = YES;
				CLANG_WARN_INFINITE_RECURSION = YES;
				CLANG_WARN_INT_CONVERSION = YES;
				CLANG_WARN_OBJC_ROOT_CLASS = YES_ERROR;
				CLANG_WARN_SUSPICIOUS_MOVE = YES;
				CLANG_WARN_UNREACHABLE_CODE = YES;
				CLANG_WARN__DUPLICATE_METHOD_MATCH = YES;
				"CODE_SIGN_IDENTITY[sdk=iphoneos*]" = "iPhone Developer";
				COPY_PHASE_STRIP = NO;
				DEBUG_INFORMATION_FORMAT = "dwarf-with-dsym";
				ENABLE_NS_ASSERTIONS = NO;
				ENABLE_STRICT_OBJC_MSGSEND = YES;
				GCC_C_LANGUAGE_STANDARD = gnu99;
				GCC_NO_COMMON_BLOCKS = YES;
				GCC_WARN_64_TO_32_BIT_CONVERSION = YES;
				GCC_WARN_ABOUT_RETURN_TYPE = YES_ERROR;
				GCC_WARN_UNDECLARED_SELECTOR = YES;
				GCC_WARN_UNINITIALIZED_AUTOS = YES_AGGRESSIVE;
				GCC_WARN_UNUSED_FUNCTION = YES;
				GCC_WARN_UNUSED_VARIABLE = YES;
				IPHONEOS_DEPLOYMENT_TARGET = 10.3;
				MTL_ENABLE_DEBUG_INFO = NO;
				SDKROOT = iphoneos;
				SWIFT_OPTIMIZATION_LEVEL = "-Owholemodule";
				VALIDATE_PRODUCT = YES;
			};
			name = Release;
		};
		966620D31EA32142009DA420 /* Debug */ = {
			isa = XCBuildConfiguration;
			buildSettings = {
				ASSETCATALOG_COMPILER_APPICON_NAME = AppIcon;
				DEVELOPMENT_TEAM = LYS4UW62E8;
				INFOPLIST_FILE = "Swift3-003-Custom Font/Info.plist";
				LD_RUNPATH_SEARCH_PATHS = "$(inherited) @executable_path/Frameworks";
				PRODUCT_BUNDLE_IDENTIFIER = "com.atelier18.Swift3-003-Custom-Font";
				PRODUCT_NAME = "$(TARGET_NAME)";
				SWIFT_VERSION = 3.0;
			};
			name = Debug;
		};
		966620D41EA32142009DA420 /* Release */ = {
			isa = XCBuildConfiguration;
			buildSettings = {
				ASSETCATALOG_COMPILER_APPICON_NAME = AppIcon;
				DEVELOPMENT_TEAM = LYS4UW62E8;
				INFOPLIST_FILE = "Swift3-003-Custom Font/Info.plist";
				LD_RUNPATH_SEARCH_PATHS = "$(inherited) @executable_path/Frameworks";
				PRODUCT_BUNDLE_IDENTIFIER = "com.atelier18.Swift3-003-Custom-Font";
				PRODUCT_NAME = "$(TARGET_NAME)";
				SWIFT_VERSION = 3.0;
			};
			name = Release;
		};
/* End XCBuildConfiguration section */

/* Begin XCConfigurationList section */
		966620BB1EA32141009DA420 /* Build configuration list for PBXProject "Swift3-003-Custom Font" */ = {
			isa = XCConfigurationList;
			buildConfigurations = (
				966620D01EA32142009DA420 /* Debug */,
				966620D11EA32142009DA420 /* Release */,
			);
			defaultConfigurationIsVisible = 0;
			defaultConfigurationName = Release;
		};
		966620D21EA32142009DA420 /* Build configuration list for PBXNativeTarget "Swift3-003-Custom Font" */ = {
			isa = XCConfigurationList;
			buildConfigurations = (
				966620D31EA32142009DA420 /* Debug */,
				966620D41EA32142009DA420 /* Release */,
			);
			defaultConfigurationIsVisible = 0;
			defaultConfigurationName = Release;
		};
/* End XCConfigurationList section */
	};
	rootObject = 966620B81EA32141009DA420 /* Project object */;
}
